
Microsoft Visual Studio Solution File, Format Version 12.00
# Visual Studio Version 17
VisualStudioVersion = 17.4.32804.182
MinimumVisualStudioVersion = 10.0.40219.1
Project("{2150E333-8FDC-42A3-9474-1A3956D46DE8}") = "src", "src", "{73607137-FE2D-449E-8D1A-F8E78D28337F}"
EndProject
Project("{2150E333-8FDC-42A3-9474-1A3956D46DE8}") = "test", "test", "{937538F4-C18D-4083-AE4F-962FEFA36BB4}"
EndProject
Project("{2150E333-8FDC-42A3-9474-1A3956D46DE8}") = "tools", "tools", "{FDE38B21-C05A-4897-8764-90C232944F8A}"
EndProject
Project("{2150E333-8FDC-42A3-9474-1A3956D46DE8}") = "Layers", "Layers", "{5917367E-91E5-4394-987F-AC87F3B0D3E1}"
EndProject
Project("{2150E333-8FDC-42A3-9474-1A3956D46DE8}") = "Libraries", "Libraries", "{CEAD237D-9047-4EFC-A6EF-EBE4DA35081C}"
EndProject
Project("{2150E333-8FDC-42A3-9474-1A3956D46DE8}") = "Features", "Features", "{B7DD3D86-6B28-46D2-B7BC-77CF05418F9F}"
EndProject
Project("{9A19103F-16F7-4668-BE54-9A1E7A4F7556}") = "FastAPI.Libraries.System.Extensions", "src\Libraries\FastAPI.Libraries.System.Extensions\FastAPI.Libraries.System.Extensions.csproj", "{655075A3-A55B-4D31-AC9B-A1FB7CE47B40}"
EndProject
Project("{FAE04EC0-301F-11D3-BF4B-00C04F79EFBC}") = "FastAPI.Libraries.Validation", "src\Libraries\FastAPI.Libraries.Validation\FastAPI.Libraries.Validation.csproj", "{01CF366E-E02B-486E-A941-324988DEFD7D}"
EndProject
Project("{2150E333-8FDC-42A3-9474-1A3956D46DE8}") = "Libraries", "Libraries", "{0AC187FE-38EB-4AC5-8806-0464C4A0C578}"
EndProject
Project("{FAE04EC0-301F-11D3-BF4B-00C04F79EFBC}") = "FastAPI.Libraries.System.Extensions.Tests", "test\Libraries\FastAPI.Libraries.System.Extensions.Tests\FastAPI.Libraries.System.Extensions.Tests.csproj", "{7DAB6060-D863-4B91-B20F-BE98969E05C6}"
EndProject
Project("{FAE04EC0-301F-11D3-BF4B-00C04F79EFBC}") = "FastAPI.Libraries.Validation.Tests", "test\Libraries\FastAPI.Libraries.Validation.Tests\FastAPI.Libraries.Validation.Tests.csproj", "{401188D3-7884-474E-AA99-F2C1616D61FA}"
EndProject
Project("{FAE04EC0-301F-11D3-BF4B-00C04F79EFBC}") = "FastAPI.Libraries.Mapping", "src\Libraries\FastAPI.Libraries.Mapping\FastAPI.Libraries.Mapping.csproj", "{E8824375-68F5-4E8C-87D8-E2E5C0CDF0AE}"
EndProject
Project("{FAE04EC0-301F-11D3-BF4B-00C04F79EFBC}") = "FastAPI.Layers.Persistence", "src\Layers\FastAPI.Layers.Persistence\FastAPI.Layers.Persistence.csproj", "{67A8C150-5AA1-460A-B2D4-12CED042E081}"
EndProject
Project("{FAE04EC0-301F-11D3-BF4B-00C04F79EFBC}") = "FastAPI.Layers.Domain", "src\Layers\FastAPI.Layers.Domain\FastAPI.Layers.Domain.csproj", "{1E4F98D3-1D56-48FD-A140-D34313B142B9}"
EndProject
Project("{FAE04EC0-301F-11D3-BF4B-00C04F79EFBC}") = "FastAPI.Layers.Application", "src\Layers\FastAPI.Layers.Application\FastAPI.Layers.Application.csproj", "{3CA8C54C-DF6C-47E4-80AF-4DF94D7C90D7}"
EndProject
Project("{FAE04EC0-301F-11D3-BF4B-00C04F79EFBC}") = "FastAPI.Layers.Infrastructure", "src\Layers\FastAPI.Layers.Infrastructure\FastAPI.Layers.Infrastructure.csproj", "{1FD3AA51-F139-4238-84BA-AB381DC95BA6}"
EndProject
Project("{2150E333-8FDC-42A3-9474-1A3956D46DE8}") = "Example", "Example", "{3FA17EEB-D693-41F1-AF54-BAB1858F065F}"
EndProject
Project("{FAE04EC0-301F-11D3-BF4B-00C04F79EFBC}") = "FastAPI.Layers.Presentation", "src\Layers\FastAPI.Layers.Presentation\FastAPI.Layers.Presentation.csproj", "{70CDE894-619D-465F-B3A8-66A5F53EAD34}"
EndProject
Project("{2150E333-8FDC-42A3-9474-1A3956D46DE8}") = "Layers", "Layers", "{6406EFC0-9C44-4D63-AFD5-4C6A2B92A8C1}"
EndProject
Project("{2150E333-8FDC-42A3-9474-1A3956D46DE8}") = "Features", "Features", "{85A045D7-8023-48E5-AB8C-4C2981B025E4}"
EndProject
Global
	GlobalSection(SolutionConfigurationPlatforms) = preSolution
		Debug|Any CPU = Debug|Any CPU
		Release|Any CPU = Release|Any CPU
	EndGlobalSection
	GlobalSection(ProjectConfigurationPlatforms) = postSolution
		{655075A3-A55B-4D31-AC9B-A1FB7CE47B40}.Debug|Any CPU.ActiveCfg = Debug|Any CPU
		{655075A3-A55B-4D31-AC9B-A1FB7CE47B40}.Debug|Any CPU.Build.0 = Debug|Any CPU
		{655075A3-A55B-4D31-AC9B-A1FB7CE47B40}.Release|Any CPU.ActiveCfg = Release|Any CPU
		{655075A3-A55B-4D31-AC9B-A1FB7CE47B40}.Release|Any CPU.Build.0 = Release|Any CPU
		{01CF366E-E02B-486E-A941-324988DEFD7D}.Debug|Any CPU.ActiveCfg = Debug|Any CPU
		{01CF366E-E02B-486E-A941-324988DEFD7D}.Debug|Any CPU.Build.0 = Debug|Any CPU
		{01CF366E-E02B-486E-A941-324988DEFD7D}.Release|Any CPU.ActiveCfg = Release|Any CPU
		{01CF366E-E02B-486E-A941-324988DEFD7D}.Release|Any CPU.Build.0 = Release|Any CPU
		{7DAB6060-D863-4B91-B20F-BE98969E05C6}.Debug|Any CPU.ActiveCfg = Debug|Any CPU
		{7DAB6060-D863-4B91-B20F-BE98969E05C6}.Debug|Any CPU.Build.0 = Debug|Any CPU
		{7DAB6060-D863-4B91-B20F-BE98969E05C6}.Release|Any CPU.ActiveCfg = Release|Any CPU
		{7DAB6060-D863-4B91-B20F-BE98969E05C6}.Release|Any CPU.Build.0 = Release|Any CPU
		{401188D3-7884-474E-AA99-F2C1616D61FA}.Debug|Any CPU.ActiveCfg = Debug|Any CPU
		{401188D3-7884-474E-AA99-F2C1616D61FA}.Debug|Any CPU.Build.0 = Debug|Any CPU
		{401188D3-7884-474E-AA99-F2C1616D61FA}.Release|Any CPU.ActiveCfg = Release|Any CPU
		{401188D3-7884-474E-AA99-F2C1616D61FA}.Release|Any CPU.Build.0 = Release|Any CPU
		{E8824375-68F5-4E8C-87D8-E2E5C0CDF0AE}.Debug|Any CPU.ActiveCfg = Debug|Any CPU
		{E8824375-68F5-4E8C-87D8-E2E5C0CDF0AE}.Debug|Any CPU.Build.0 = Debug|Any CPU
		{E8824375-68F5-4E8C-87D8-E2E5C0CDF0AE}.Release|Any CPU.ActiveCfg = Release|Any CPU
		{E8824375-68F5-4E8C-87D8-E2E5C0CDF0AE}.Release|Any CPU.Build.0 = Release|Any CPU
		{67A8C150-5AA1-460A-B2D4-12CED042E081}.Debug|Any CPU.ActiveCfg = Debug|Any CPU
		{67A8C150-5AA1-460A-B2D4-12CED042E081}.Debug|Any CPU.Build.0 = Debug|Any CPU
		{67A8C150-5AA1-460A-B2D4-12CED042E081}.Release|Any CPU.ActiveCfg = Release|Any CPU
		{67A8C150-5AA1-460A-B2D4-12CED042E081}.Release|Any CPU.Build.0 = Release|Any CPU
		{1E4F98D3-1D56-48FD-A140-D34313B142B9}.Debug|Any CPU.ActiveCfg = Debug|Any CPU
		{1E4F98D3-1D56-48FD-A140-D34313B142B9}.Debug|Any CPU.Build.0 = Debug|Any CPU
		{1E4F98D3-1D56-48FD-A140-D34313B142B9}.Release|Any CPU.ActiveCfg = Release|Any CPU
		{1E4F98D3-1D56-48FD-A140-D34313B142B9}.Release|Any CPU.Build.0 = Release|Any CPU
		{3CA8C54C-DF6C-47E4-80AF-4DF94D7C90D7}.Debug|Any CPU.ActiveCfg = Debug|Any CPU
		{3CA8C54C-DF6C-47E4-80AF-4DF94D7C90D7}.Debug|Any CPU.Build.0 = Debug|Any CPU
		{3CA8C54C-DF6C-47E4-80AF-4DF94D7C90D7}.Release|Any CPU.ActiveCfg = Release|Any CPU
		{3CA8C54C-DF6C-47E4-80AF-4DF94D7C90D7}.Release|Any CPU.Build.0 = Release|Any CPU
		{1FD3AA51-F139-4238-84BA-AB381DC95BA6}.Debug|Any CPU.ActiveCfg = Debug|Any CPU
		{1FD3AA51-F139-4238-84BA-AB381DC95BA6}.Debug|Any CPU.Build.0 = Debug|Any CPU
		{1FD3AA51-F139-4238-84BA-AB381DC95BA6}.Release|Any CPU.ActiveCfg = Release|Any CPU
		{1FD3AA51-F139-4238-84BA-AB381DC95BA6}.Release|Any CPU.Build.0 = Release|Any CPU
		{70CDE894-619D-465F-B3A8-66A5F53EAD34}.Debug|Any CPU.ActiveCfg = Debug|Any CPU
		{70CDE894-619D-465F-B3A8-66A5F53EAD34}.Debug|Any CPU.Build.0 = Debug|Any CPU
		{70CDE894-619D-465F-B3A8-66A5F53EAD34}.Release|Any CPU.ActiveCfg = Release|Any CPU
		{70CDE894-619D-465F-B3A8-66A5F53EAD34}.Release|Any CPU.Build.0 = Release|Any CPU
	EndGlobalSection
	GlobalSection(SolutionProperties) = preSolution
		HideSolutionNode = FALSE
	EndGlobalSection
	GlobalSection(NestedProjects) = preSolution
		{5917367E-91E5-4394-987F-AC87F3B0D3E1} = {73607137-FE2D-449E-8D1A-F8E78D28337F}
		{CEAD237D-9047-4EFC-A6EF-EBE4DA35081C} = {73607137-FE2D-449E-8D1A-F8E78D28337F}
		{B7DD3D86-6B28-46D2-B7BC-77CF05418F9F} = {73607137-FE2D-449E-8D1A-F8E78D28337F}
		{655075A3-A55B-4D31-AC9B-A1FB7CE47B40} = {CEAD237D-9047-4EFC-A6EF-EBE4DA35081C}
		{01CF366E-E02B-486E-A941-324988DEFD7D} = {CEAD237D-9047-4EFC-A6EF-EBE4DA35081C}
		{0AC187FE-38EB-4AC5-8806-0464C4A0C578} = {937538F4-C18D-4083-AE4F-962FEFA36BB4}
		{7DAB6060-D863-4B91-B20F-BE98969E05C6} = {0AC187FE-38EB-4AC5-8806-0464C4A0C578}
		{401188D3-7884-474E-AA99-F2C1616D61FA} = {0AC187FE-38EB-4AC5-8806-0464C4A0C578}
		{E8824375-68F5-4E8C-87D8-E2E5C0CDF0AE} = {CEAD237D-9047-4EFC-A6EF-EBE4DA35081C}
		{67A8C150-5AA1-460A-B2D4-12CED042E081} = {5917367E-91E5-4394-987F-AC87F3B0D3E1}
		{1E4F98D3-1D56-48FD-A140-D34313B142B9} = {5917367E-91E5-4394-987F-AC87F3B0D3E1}
		{3CA8C54C-DF6C-47E4-80AF-4DF94D7C90D7} = {5917367E-91E5-4394-987F-AC87F3B0D3E1}
		{1FD3AA51-F139-4238-84BA-AB381DC95BA6} = {5917367E-91E5-4394-987F-AC87F3B0D3E1}
		{3FA17EEB-D693-41F1-AF54-BAB1858F065F} = {FDE38B21-C05A-4897-8764-90C232944F8A}
		{70CDE894-619D-465F-B3A8-66A5F53EAD34} = {5917367E-91E5-4394-987F-AC87F3B0D3E1}
		{6406EFC0-9C44-4D63-AFD5-4C6A2B92A8C1} = {937538F4-C18D-4083-AE4F-962FEFA36BB4}
		{85A045D7-8023-48E5-AB8C-4C2981B025E4} = {937538F4-C18D-4083-AE4F-962FEFA36BB4}
	EndGlobalSection
	GlobalSection(ExtensibilityGlobals) = postSolution
		SolutionGuid = {8CEADC37-3CBB-423F-82A7-92EA2339E0EB}
	EndGlobalSection
EndGlobal
