
Microsoft Visual Studio Solution File, Format Version 12.00
# Visual Studio Version 17
VisualStudioVersion = 17.4.32804.182
MinimumVisualStudioVersion = 10.0.40219.1
Project("{2150E333-8FDC-42A3-9474-1A3956D46DE8}") = "src", "src", "{73607137-FE2D-449E-8D1A-F8E78D28337F}"
EndProject
Project("{2150E333-8FDC-42A3-9474-1A3956D46DE8}") = "test", "test", "{937538F4-C18D-4083-AE4F-962FEFA36BB4}"
EndProject
Project("{2150E333-8FDC-42A3-9474-1A3956D46DE8}") = "tools", "tools", "{FDE38B21-C05A-4897-8764-90C232944F8A}"
EndProject
Project("{2150E333-8FDC-42A3-9474-1A3956D46DE8}") = "Layers", "Layers", "{5917367E-91E5-4394-987F-AC87F3B0D3E1}"
EndProject
Project("{2150E333-8FDC-42A3-9474-1A3956D46DE8}") = "Libraries", "Libraries", "{CEAD237D-9047-4EFC-A6EF-EBE4DA35081C}"
EndProject
Project("{2150E333-8FDC-42A3-9474-1A3956D46DE8}") = "Features", "Features", "{B7DD3D86-6B28-46D2-B7BC-77CF05418F9F}"
EndProject
Project("{9A19103F-16F7-4668-BE54-9A1E7A4F7556}") = "FastAPI.Libraries.System.Extensions", "src\Libraries\FastAPI.Libraries.System.Extensions\FastAPI.Libraries.System.Extensions.csproj", "{655075A3-A55B-4D31-AC9B-A1FB7CE47B40}"
EndProject
Project("{9A19103F-16F7-4668-BE54-9A1E7A4F7556}") = "FastAPI.Libraries.Validation", "src\Libraries\FastAPI.Libraries.Validation\FastAPI.Libraries.Validation.csproj", "{01CF366E-E02B-486E-A941-324988DEFD7D}"
EndProject
Project("{2150E333-8FDC-42A3-9474-1A3956D46DE8}") = "Libraries", "Libraries", "{0AC187FE-38EB-4AC5-8806-0464C4A0C578}"
EndProject
Project("{9A19103F-16F7-4668-BE54-9A1E7A4F7556}") = "FastAPI.Libraries.System.Extensions.Tests", "test\Libraries\FastAPI.Libraries.System.Extensions.Tests\FastAPI.Libraries.System.Extensions.Tests.csproj", "{7DAB6060-D863-4B91-B20F-BE98969E05C6}"
EndProject
Project("{9A19103F-16F7-4668-BE54-9A1E7A4F7556}") = "FastAPI.Libraries.Validation.Tests", "test\Libraries\FastAPI.Libraries.Validation.Tests\FastAPI.Libraries.Validation.Tests.csproj", "{401188D3-7884-474E-AA99-F2C1616D61FA}"
EndProject
Project("{9A19103F-16F7-4668-BE54-9A1E7A4F7556}") = "FastAPI.Libraries.Mapping", "src\Libraries\FastAPI.Libraries.Mapping\FastAPI.Libraries.Mapping.csproj", "{E8824375-68F5-4E8C-87D8-E2E5C0CDF0AE}"
EndProject
Project("{9A19103F-16F7-4668-BE54-9A1E7A4F7556}") = "FastAPI.Layers.Domain", "src\Layers\FastAPI.Layers.Domain\FastAPI.Layers.Domain.csproj", "{1E4F98D3-1D56-48FD-A140-D34313B142B9}"
EndProject
Project("{9A19103F-16F7-4668-BE54-9A1E7A4F7556}") = "FastAPI.Layers.Application", "src\Layers\FastAPI.Layers.Application\FastAPI.Layers.Application.csproj", "{3CA8C54C-DF6C-47E4-80AF-4DF94D7C90D7}"
EndProject
Project("{9A19103F-16F7-4668-BE54-9A1E7A4F7556}") = "FastAPI.Layers.Presentation", "src\Layers\FastAPI.Layers.Presentation\FastAPI.Layers.Presentation.csproj", "{70CDE894-619D-465F-B3A8-66A5F53EAD34}"
EndProject
Project("{2150E333-8FDC-42A3-9474-1A3956D46DE8}") = "Layers", "Layers", "{6406EFC0-9C44-4D63-AFD5-4C6A2B92A8C1}"
EndProject
Project("{2150E333-8FDC-42A3-9474-1A3956D46DE8}") = "Features", "Features", "{85A045D7-8023-48E5-AB8C-4C2981B025E4}"
EndProject
Project("{9A19103F-16F7-4668-BE54-9A1E7A4F7556}") = "FastAPI.Layers.Configuration", "src\Layers\FastAPI.Layers.Configuration\FastAPI.Layers.Configuration.csproj", "{657E4581-DABE-434F-AEA6-1B16425CC72A}"
EndProject
Project("{9A19103F-16F7-4668-BE54-9A1E7A4F7556}") = "FastAPI.Layers.Infrastructure.Persistence.SQL", "src\Layers\FastAPI.Layers.Infrastructure.Persistence.SQL\FastAPI.Layers.Infrastructure.Persistence.SQL.csproj", "{B0929200-9968-42B0-AFFB-A00E3CC787C4}"
EndProject
Project("{9A19103F-16F7-4668-BE54-9A1E7A4F7556}") = "FastAPI.Layers.Infrastructure.Messaging", "src\Layers\FastAPI.Layers.Infrastructure.Messaging\FastAPI.Layers.Infrastructure.Messaging.csproj", "{476A40C8-4D97-4FC3-8541-71F7835177BD}"
EndProject
Project("{9A19103F-16F7-4668-BE54-9A1E7A4F7556}") = "FastAPI.Layers.Infrastructure.Email", "src\Layers\FastAPI.Layers.Infrastructure.Email\FastAPI.Layers.Infrastructure.Email.csproj", "{4F409C25-FAB4-43D0-AF01-DACFCE1166B3}"
EndProject
Project("{9A19103F-16F7-4668-BE54-9A1E7A4F7556}") = "FastAPI.Layers.Domain.Common", "src\Layers\FastAPI.Layers.Domain.Common\FastAPI.Layers.Domain.Common.csproj", "{C4B99B0E-E70D-4B98-9CE0-C086615EC4BE}"
EndProject
Project("{9A19103F-16F7-4668-BE54-9A1E7A4F7556}") = "FastAPI.Layers.Infrastructure.Documents.Azure", "src\Layers\FastAPI.Layers.Infrastructure.Documents.Azure\FastAPI.Layers.Infrastructure.Documents.Azure.csproj", "{8FA2C75D-91E3-4DFC-8BC7-1184A3C96DE8}"
EndProject
Project("{9A19103F-16F7-4668-BE54-9A1E7A4F7556}") = "FastAPI.Layers.Infrastructure.Persistence.Postgre", "src\Layers\FastAPI.Layers.Infrastructure.Persistence.Postgre\FastAPI.Layers.Infrastructure.Persistence.Postgre.csproj", "{844B4FE7-2C9F-4BAB-8FDD-2B21C36D92B6}"
EndProject
Project("{2150E333-8FDC-42A3-9474-1A3956D46DE8}") = "example", "example", "{0A1DA634-A9B5-42D9-9614-58321E66CEAA}"
EndProject
Project("{2150E333-8FDC-42A3-9474-1A3956D46DE8}") = "StoryBooks", "StoryBooks", "{B6B7ED54-7D60-4BDA-AD54-7E96EB801F95}"
EndProject
Project("{9A19103F-16F7-4668-BE54-9A1E7A4F7556}") = "FastAPI.Example.StoryBooks", "example\StoryBooks\FastAPI.Example.StoryBooks\FastAPI.Example.StoryBooks.csproj", "{4DE9B111-9E01-4FB8-BCEF-42EE86A00AB4}"
EndProject
Project("{2150E333-8FDC-42A3-9474-1A3956D46DE8}") = "Identity", "Identity", "{AC3D8BF9-D042-4A79-A560-D7B8640F6BA6}"
EndProject
Project("{9A19103F-16F7-4668-BE54-9A1E7A4F7556}") = "FastAPI.Features.Identity", "src\Features\Identity\FastAPI.Features.Identity\FastAPI.Features.Identity.csproj", "{F6B72DC7-0C81-48AB-B2E6-A53A913B0A5C}"
EndProject
Project("{9A19103F-16F7-4668-BE54-9A1E7A4F7556}") = "FastAPI.Features.Identity.Domain", "src\Features\Identity\FastAPI.Features.Identity.Domain\FastAPI.Features.Identity.Domain.csproj", "{B1F50540-39A1-4113-B93C-80CFFDC439DF}"
EndProject
Project("{9A19103F-16F7-4668-BE54-9A1E7A4F7556}") = "FastAPI.Features.Identity.Application", "src\Features\Identity\FastAPI.Features.Identity.Application\FastAPI.Features.Identity.Application.csproj", "{B3B5247A-C9F9-43C5-B388-0963C7618094}"
EndProject
Project("{9A19103F-16F7-4668-BE54-9A1E7A4F7556}") = "FastAPI.Layers.Infrastructure.Http", "src\Layers\FastAPI.Layers.Infrastructure.Http\FastAPI.Layers.Infrastructure.Http.csproj", "{E50A9EB9-BD03-48B6-893D-259885A9E8C4}"
EndProject
Project("{2150E333-8FDC-42A3-9474-1A3956D46DE8}") = "Features", "Features", "{99387934-FB3B-46F0-9834-C67455BECA19}"
EndProject
Project("{9A19103F-16F7-4668-BE54-9A1E7A4F7556}") = "FastAPI.Features.Identity.Presentation", "src\Features\Identity\FastAPI.Features.Identity.Presentation\FastAPI.Features.Identity.Presentation.csproj", "{56BEE220-4E0E-4B9E-AE1C-0580170D829A}"
EndProject
Project("{9A19103F-16F7-4668-BE54-9A1E7A4F7556}") = "FastAPI.Features.Identity.Infrastructure", "src\Features\Identity\FastAPI.Features.Identity.Infrastructure\FastAPI.Features.Identity.Infrastructure.csproj", "{A10377A8-B5AB-4AF7-B2F4-DF8F4574CB30}"
EndProject
Project("{2150E333-8FDC-42A3-9474-1A3956D46DE8}") = "Catalog", "Catalog", "{D8D50D69-D1DF-463E-BD01-BB225D1F51A4}"
EndProject
Project("{2150E333-8FDC-42A3-9474-1A3956D46DE8}") = "Order", "Order", "{4B53B12D-24BE-4C4A-88CC-4D274328FC17}"
EndProject
Project("{2150E333-8FDC-42A3-9474-1A3956D46DE8}") = "Forum", "Forum", "{8EB5AA7C-64C4-45DA-81A8-F963D6D038C8}"
EndProject
Project("{2150E333-8FDC-42A3-9474-1A3956D46DE8}") = "CMS", "CMS", "{551AC35D-B1D8-42E3-A07B-EF7721F027B6}"
EndProject
Project("{9A19103F-16F7-4668-BE54-9A1E7A4F7556}") = "FastAPI.Layers.Infrastructure.Persistence", "src\Layers\FastAPI.Layers.Infrastructure.Persistence\FastAPI.Layers.Infrastructure.Persistence.csproj", "{3A0FEC98-0D90-4BE0-BD88-861A7BDA9A6C}"
EndProject
Project("{E53339B2-1760-4266-BCC7-CA923CBCF16C}") = "docker-compose", "docker-compose.dcproj", "{8A360283-A8DA-4223-8D05-CDF256C9996C}"
EndProject
Project("{2150E333-8FDC-42A3-9474-1A3956D46DE8}") = "dev", "dev", "{37CBDC85-E914-4671-A31F-FFFBBE12D16F}"
EndProject
Global
	GlobalSection(SolutionConfigurationPlatforms) = preSolution
		Debug|Any CPU = Debug|Any CPU
		Release|Any CPU = Release|Any CPU
	EndGlobalSection
	GlobalSection(ProjectConfigurationPlatforms) = postSolution
		{655075A3-A55B-4D31-AC9B-A1FB7CE47B40}.Debug|Any CPU.ActiveCfg = Debug|Any CPU
		{655075A3-A55B-4D31-AC9B-A1FB7CE47B40}.Debug|Any CPU.Build.0 = Debug|Any CPU
		{655075A3-A55B-4D31-AC9B-A1FB7CE47B40}.Release|Any CPU.ActiveCfg = Release|Any CPU
		{655075A3-A55B-4D31-AC9B-A1FB7CE47B40}.Release|Any CPU.Build.0 = Release|Any CPU
		{01CF366E-E02B-486E-A941-324988DEFD7D}.Debug|Any CPU.ActiveCfg = Debug|Any CPU
		{01CF366E-E02B-486E-A941-324988DEFD7D}.Debug|Any CPU.Build.0 = Debug|Any CPU
		{01CF366E-E02B-486E-A941-324988DEFD7D}.Release|Any CPU.ActiveCfg = Release|Any CPU
		{01CF366E-E02B-486E-A941-324988DEFD7D}.Release|Any CPU.Build.0 = Release|Any CPU
		{7DAB6060-D863-4B91-B20F-BE98969E05C6}.Debug|Any CPU.ActiveCfg = Debug|Any CPU
		{7DAB6060-D863-4B91-B20F-BE98969E05C6}.Debug|Any CPU.Build.0 = Debug|Any CPU
		{7DAB6060-D863-4B91-B20F-BE98969E05C6}.Release|Any CPU.ActiveCfg = Release|Any CPU
		{7DAB6060-D863-4B91-B20F-BE98969E05C6}.Release|Any CPU.Build.0 = Release|Any CPU
		{401188D3-7884-474E-AA99-F2C1616D61FA}.Debug|Any CPU.ActiveCfg = Debug|Any CPU
		{401188D3-7884-474E-AA99-F2C1616D61FA}.Debug|Any CPU.Build.0 = Debug|Any CPU
		{401188D3-7884-474E-AA99-F2C1616D61FA}.Release|Any CPU.ActiveCfg = Release|Any CPU
		{401188D3-7884-474E-AA99-F2C1616D61FA}.Release|Any CPU.Build.0 = Release|Any CPU
		{E8824375-68F5-4E8C-87D8-E2E5C0CDF0AE}.Debug|Any CPU.ActiveCfg = Debug|Any CPU
		{E8824375-68F5-4E8C-87D8-E2E5C0CDF0AE}.Debug|Any CPU.Build.0 = Debug|Any CPU
		{E8824375-68F5-4E8C-87D8-E2E5C0CDF0AE}.Release|Any CPU.ActiveCfg = Release|Any CPU
		{E8824375-68F5-4E8C-87D8-E2E5C0CDF0AE}.Release|Any CPU.Build.0 = Release|Any CPU
		{1E4F98D3-1D56-48FD-A140-D34313B142B9}.Debug|Any CPU.ActiveCfg = Debug|Any CPU
		{1E4F98D3-1D56-48FD-A140-D34313B142B9}.Debug|Any CPU.Build.0 = Debug|Any CPU
		{1E4F98D3-1D56-48FD-A140-D34313B142B9}.Release|Any CPU.ActiveCfg = Release|Any CPU
		{1E4F98D3-1D56-48FD-A140-D34313B142B9}.Release|Any CPU.Build.0 = Release|Any CPU
		{3CA8C54C-DF6C-47E4-80AF-4DF94D7C90D7}.Debug|Any CPU.ActiveCfg = Debug|Any CPU
		{3CA8C54C-DF6C-47E4-80AF-4DF94D7C90D7}.Debug|Any CPU.Build.0 = Debug|Any CPU
		{3CA8C54C-DF6C-47E4-80AF-4DF94D7C90D7}.Release|Any CPU.ActiveCfg = Release|Any CPU
		{3CA8C54C-DF6C-47E4-80AF-4DF94D7C90D7}.Release|Any CPU.Build.0 = Release|Any CPU
		{70CDE894-619D-465F-B3A8-66A5F53EAD34}.Debug|Any CPU.ActiveCfg = Debug|Any CPU
		{70CDE894-619D-465F-B3A8-66A5F53EAD34}.Debug|Any CPU.Build.0 = Debug|Any CPU
		{70CDE894-619D-465F-B3A8-66A5F53EAD34}.Release|Any CPU.ActiveCfg = Release|Any CPU
		{70CDE894-619D-465F-B3A8-66A5F53EAD34}.Release|Any CPU.Build.0 = Release|Any CPU
		{657E4581-DABE-434F-AEA6-1B16425CC72A}.Debug|Any CPU.ActiveCfg = Debug|Any CPU
		{657E4581-DABE-434F-AEA6-1B16425CC72A}.Debug|Any CPU.Build.0 = Debug|Any CPU
		{657E4581-DABE-434F-AEA6-1B16425CC72A}.Release|Any CPU.ActiveCfg = Release|Any CPU
		{657E4581-DABE-434F-AEA6-1B16425CC72A}.Release|Any CPU.Build.0 = Release|Any CPU
		{B0929200-9968-42B0-AFFB-A00E3CC787C4}.Debug|Any CPU.ActiveCfg = Debug|Any CPU
		{B0929200-9968-42B0-AFFB-A00E3CC787C4}.Debug|Any CPU.Build.0 = Debug|Any CPU
		{B0929200-9968-42B0-AFFB-A00E3CC787C4}.Release|Any CPU.ActiveCfg = Release|Any CPU
		{B0929200-9968-42B0-AFFB-A00E3CC787C4}.Release|Any CPU.Build.0 = Release|Any CPU
		{476A40C8-4D97-4FC3-8541-71F7835177BD}.Debug|Any CPU.ActiveCfg = Debug|Any CPU
		{476A40C8-4D97-4FC3-8541-71F7835177BD}.Debug|Any CPU.Build.0 = Debug|Any CPU
		{476A40C8-4D97-4FC3-8541-71F7835177BD}.Release|Any CPU.ActiveCfg = Release|Any CPU
		{476A40C8-4D97-4FC3-8541-71F7835177BD}.Release|Any CPU.Build.0 = Release|Any CPU
		{4F409C25-FAB4-43D0-AF01-DACFCE1166B3}.Debug|Any CPU.ActiveCfg = Debug|Any CPU
		{4F409C25-FAB4-43D0-AF01-DACFCE1166B3}.Debug|Any CPU.Build.0 = Debug|Any CPU
		{4F409C25-FAB4-43D0-AF01-DACFCE1166B3}.Release|Any CPU.ActiveCfg = Release|Any CPU
		{4F409C25-FAB4-43D0-AF01-DACFCE1166B3}.Release|Any CPU.Build.0 = Release|Any CPU
		{C4B99B0E-E70D-4B98-9CE0-C086615EC4BE}.Debug|Any CPU.ActiveCfg = Debug|Any CPU
		{C4B99B0E-E70D-4B98-9CE0-C086615EC4BE}.Debug|Any CPU.Build.0 = Debug|Any CPU
		{C4B99B0E-E70D-4B98-9CE0-C086615EC4BE}.Release|Any CPU.ActiveCfg = Release|Any CPU
		{C4B99B0E-E70D-4B98-9CE0-C086615EC4BE}.Release|Any CPU.Build.0 = Release|Any CPU
		{8FA2C75D-91E3-4DFC-8BC7-1184A3C96DE8}.Debug|Any CPU.ActiveCfg = Debug|Any CPU
		{8FA2C75D-91E3-4DFC-8BC7-1184A3C96DE8}.Debug|Any CPU.Build.0 = Debug|Any CPU
		{8FA2C75D-91E3-4DFC-8BC7-1184A3C96DE8}.Release|Any CPU.ActiveCfg = Release|Any CPU
		{8FA2C75D-91E3-4DFC-8BC7-1184A3C96DE8}.Release|Any CPU.Build.0 = Release|Any CPU
		{844B4FE7-2C9F-4BAB-8FDD-2B21C36D92B6}.Debug|Any CPU.ActiveCfg = Debug|Any CPU
		{844B4FE7-2C9F-4BAB-8FDD-2B21C36D92B6}.Debug|Any CPU.Build.0 = Debug|Any CPU
		{844B4FE7-2C9F-4BAB-8FDD-2B21C36D92B6}.Release|Any CPU.ActiveCfg = Release|Any CPU
		{844B4FE7-2C9F-4BAB-8FDD-2B21C36D92B6}.Release|Any CPU.Build.0 = Release|Any CPU
		{4DE9B111-9E01-4FB8-BCEF-42EE86A00AB4}.Debug|Any CPU.ActiveCfg = Debug|Any CPU
		{4DE9B111-9E01-4FB8-BCEF-42EE86A00AB4}.Debug|Any CPU.Build.0 = Debug|Any CPU
		{4DE9B111-9E01-4FB8-BCEF-42EE86A00AB4}.Release|Any CPU.ActiveCfg = Release|Any CPU
		{4DE9B111-9E01-4FB8-BCEF-42EE86A00AB4}.Release|Any CPU.Build.0 = Release|Any CPU
		{F6B72DC7-0C81-48AB-B2E6-A53A913B0A5C}.Debug|Any CPU.ActiveCfg = Debug|Any CPU
		{F6B72DC7-0C81-48AB-B2E6-A53A913B0A5C}.Debug|Any CPU.Build.0 = Debug|Any CPU
		{F6B72DC7-0C81-48AB-B2E6-A53A913B0A5C}.Release|Any CPU.ActiveCfg = Release|Any CPU
		{F6B72DC7-0C81-48AB-B2E6-A53A913B0A5C}.Release|Any CPU.Build.0 = Release|Any CPU
		{B1F50540-39A1-4113-B93C-80CFFDC439DF}.Debug|Any CPU.ActiveCfg = Debug|Any CPU
		{B1F50540-39A1-4113-B93C-80CFFDC439DF}.Debug|Any CPU.Build.0 = Debug|Any CPU
		{B1F50540-39A1-4113-B93C-80CFFDC439DF}.Release|Any CPU.ActiveCfg = Release|Any CPU
		{B1F50540-39A1-4113-B93C-80CFFDC439DF}.Release|Any CPU.Build.0 = Release|Any CPU
		{B3B5247A-C9F9-43C5-B388-0963C7618094}.Debug|Any CPU.ActiveCfg = Debug|Any CPU
		{B3B5247A-C9F9-43C5-B388-0963C7618094}.Debug|Any CPU.Build.0 = Debug|Any CPU
		{B3B5247A-C9F9-43C5-B388-0963C7618094}.Release|Any CPU.ActiveCfg = Release|Any CPU
		{B3B5247A-C9F9-43C5-B388-0963C7618094}.Release|Any CPU.Build.0 = Release|Any CPU
		{E50A9EB9-BD03-48B6-893D-259885A9E8C4}.Debug|Any CPU.ActiveCfg = Debug|Any CPU
		{E50A9EB9-BD03-48B6-893D-259885A9E8C4}.Debug|Any CPU.Build.0 = Debug|Any CPU
		{E50A9EB9-BD03-48B6-893D-259885A9E8C4}.Release|Any CPU.ActiveCfg = Release|Any CPU
		{E50A9EB9-BD03-48B6-893D-259885A9E8C4}.Release|Any CPU.Build.0 = Release|Any CPU
		{56BEE220-4E0E-4B9E-AE1C-0580170D829A}.Debug|Any CPU.ActiveCfg = Debug|Any CPU
		{56BEE220-4E0E-4B9E-AE1C-0580170D829A}.Debug|Any CPU.Build.0 = Debug|Any CPU
		{56BEE220-4E0E-4B9E-AE1C-0580170D829A}.Release|Any CPU.ActiveCfg = Release|Any CPU
		{56BEE220-4E0E-4B9E-AE1C-0580170D829A}.Release|Any CPU.Build.0 = Release|Any CPU
		{A10377A8-B5AB-4AF7-B2F4-DF8F4574CB30}.Debug|Any CPU.ActiveCfg = Debug|Any CPU
		{A10377A8-B5AB-4AF7-B2F4-DF8F4574CB30}.Debug|Any CPU.Build.0 = Debug|Any CPU
		{A10377A8-B5AB-4AF7-B2F4-DF8F4574CB30}.Release|Any CPU.ActiveCfg = Release|Any CPU
		{A10377A8-B5AB-4AF7-B2F4-DF8F4574CB30}.Release|Any CPU.Build.0 = Release|Any CPU
		{3A0FEC98-0D90-4BE0-BD88-861A7BDA9A6C}.Debug|Any CPU.ActiveCfg = Debug|Any CPU
		{3A0FEC98-0D90-4BE0-BD88-861A7BDA9A6C}.Debug|Any CPU.Build.0 = Debug|Any CPU
		{3A0FEC98-0D90-4BE0-BD88-861A7BDA9A6C}.Release|Any CPU.ActiveCfg = Release|Any CPU
		{3A0FEC98-0D90-4BE0-BD88-861A7BDA9A6C}.Release|Any CPU.Build.0 = Release|Any CPU
		{8A360283-A8DA-4223-8D05-CDF256C9996C}.Debug|Any CPU.ActiveCfg = Debug|Any CPU
		{8A360283-A8DA-4223-8D05-CDF256C9996C}.Debug|Any CPU.Build.0 = Debug|Any CPU
		{8A360283-A8DA-4223-8D05-CDF256C9996C}.Release|Any CPU.ActiveCfg = Release|Any CPU
		{8A360283-A8DA-4223-8D05-CDF256C9996C}.Release|Any CPU.Build.0 = Release|Any CPU
	EndGlobalSection
	GlobalSection(SolutionProperties) = preSolution
		HideSolutionNode = FALSE
	EndGlobalSection
	GlobalSection(NestedProjects) = preSolution
		{5917367E-91E5-4394-987F-AC87F3B0D3E1} = {73607137-FE2D-449E-8D1A-F8E78D28337F}
		{CEAD237D-9047-4EFC-A6EF-EBE4DA35081C} = {73607137-FE2D-449E-8D1A-F8E78D28337F}
		{B7DD3D86-6B28-46D2-B7BC-77CF05418F9F} = {73607137-FE2D-449E-8D1A-F8E78D28337F}
		{655075A3-A55B-4D31-AC9B-A1FB7CE47B40} = {CEAD237D-9047-4EFC-A6EF-EBE4DA35081C}
		{01CF366E-E02B-486E-A941-324988DEFD7D} = {CEAD237D-9047-4EFC-A6EF-EBE4DA35081C}
		{0AC187FE-38EB-4AC5-8806-0464C4A0C578} = {937538F4-C18D-4083-AE4F-962FEFA36BB4}
		{7DAB6060-D863-4B91-B20F-BE98969E05C6} = {0AC187FE-38EB-4AC5-8806-0464C4A0C578}
		{401188D3-7884-474E-AA99-F2C1616D61FA} = {0AC187FE-38EB-4AC5-8806-0464C4A0C578}
		{E8824375-68F5-4E8C-87D8-E2E5C0CDF0AE} = {CEAD237D-9047-4EFC-A6EF-EBE4DA35081C}
		{1E4F98D3-1D56-48FD-A140-D34313B142B9} = {5917367E-91E5-4394-987F-AC87F3B0D3E1}
		{3CA8C54C-DF6C-47E4-80AF-4DF94D7C90D7} = {5917367E-91E5-4394-987F-AC87F3B0D3E1}
		{70CDE894-619D-465F-B3A8-66A5F53EAD34} = {5917367E-91E5-4394-987F-AC87F3B0D3E1}
		{6406EFC0-9C44-4D63-AFD5-4C6A2B92A8C1} = {937538F4-C18D-4083-AE4F-962FEFA36BB4}
		{85A045D7-8023-48E5-AB8C-4C2981B025E4} = {937538F4-C18D-4083-AE4F-962FEFA36BB4}
		{657E4581-DABE-434F-AEA6-1B16425CC72A} = {5917367E-91E5-4394-987F-AC87F3B0D3E1}
		{B0929200-9968-42B0-AFFB-A00E3CC787C4} = {5917367E-91E5-4394-987F-AC87F3B0D3E1}
		{476A40C8-4D97-4FC3-8541-71F7835177BD} = {5917367E-91E5-4394-987F-AC87F3B0D3E1}
		{4F409C25-FAB4-43D0-AF01-DACFCE1166B3} = {5917367E-91E5-4394-987F-AC87F3B0D3E1}
		{C4B99B0E-E70D-4B98-9CE0-C086615EC4BE} = {5917367E-91E5-4394-987F-AC87F3B0D3E1}
		{8FA2C75D-91E3-4DFC-8BC7-1184A3C96DE8} = {5917367E-91E5-4394-987F-AC87F3B0D3E1}
		{844B4FE7-2C9F-4BAB-8FDD-2B21C36D92B6} = {5917367E-91E5-4394-987F-AC87F3B0D3E1}
		{B6B7ED54-7D60-4BDA-AD54-7E96EB801F95} = {0A1DA634-A9B5-42D9-9614-58321E66CEAA}
		{4DE9B111-9E01-4FB8-BCEF-42EE86A00AB4} = {B6B7ED54-7D60-4BDA-AD54-7E96EB801F95}
		{AC3D8BF9-D042-4A79-A560-D7B8640F6BA6} = {B7DD3D86-6B28-46D2-B7BC-77CF05418F9F}
		{F6B72DC7-0C81-48AB-B2E6-A53A913B0A5C} = {AC3D8BF9-D042-4A79-A560-D7B8640F6BA6}
		{B1F50540-39A1-4113-B93C-80CFFDC439DF} = {AC3D8BF9-D042-4A79-A560-D7B8640F6BA6}
		{B3B5247A-C9F9-43C5-B388-0963C7618094} = {AC3D8BF9-D042-4A79-A560-D7B8640F6BA6}
		{E50A9EB9-BD03-48B6-893D-259885A9E8C4} = {5917367E-91E5-4394-987F-AC87F3B0D3E1}
		{99387934-FB3B-46F0-9834-C67455BECA19} = {B6B7ED54-7D60-4BDA-AD54-7E96EB801F95}
		{56BEE220-4E0E-4B9E-AE1C-0580170D829A} = {AC3D8BF9-D042-4A79-A560-D7B8640F6BA6}
		{A10377A8-B5AB-4AF7-B2F4-DF8F4574CB30} = {AC3D8BF9-D042-4A79-A560-D7B8640F6BA6}
		{D8D50D69-D1DF-463E-BD01-BB225D1F51A4} = {B7DD3D86-6B28-46D2-B7BC-77CF05418F9F}
		{4B53B12D-24BE-4C4A-88CC-4D274328FC17} = {B7DD3D86-6B28-46D2-B7BC-77CF05418F9F}
		{8EB5AA7C-64C4-45DA-81A8-F963D6D038C8} = {B7DD3D86-6B28-46D2-B7BC-77CF05418F9F}
		{551AC35D-B1D8-42E3-A07B-EF7721F027B6} = {B7DD3D86-6B28-46D2-B7BC-77CF05418F9F}
		{3A0FEC98-0D90-4BE0-BD88-861A7BDA9A6C} = {5917367E-91E5-4394-987F-AC87F3B0D3E1}
		{8A360283-A8DA-4223-8D05-CDF256C9996C} = {37CBDC85-E914-4671-A31F-FFFBBE12D16F}
	EndGlobalSection
	GlobalSection(ExtensibilityGlobals) = postSolution
		SolutionGuid = {8CEADC37-3CBB-423F-82A7-92EA2339E0EB}
	EndGlobalSection
EndGlobal
